// !$*UTF8*$!
{
	archiveVersion = 1;
	classes = {
	};
	objectVersion = 46;
	objects = {

/* Begin PBXBuildFile section */
		7A3B2B5F1D331D9100CF41DB /* main.m in Sources */ = {isa = PBXBuildFile; fileRef = 7A3B2B5E1D331D9100CF41DB /* main.m */; };
		7A3B2B621D331D9100CF41DB /* AppDelegate.m in Sources */ = {isa = PBXBuildFile; fileRef = 7A3B2B611D331D9100CF41DB /* AppDelegate.m */; };
		7A3B2B651D331D9100CF41DB /* ViewController.m in Sources */ = {isa = PBXBuildFile; fileRef = 7A3B2B641D331D9100CF41DB /* ViewController.m */; };
		7A3B2B681D331D9100CF41DB /* Main.storyboard in Resources */ = {isa = PBXBuildFile; fileRef = 7A3B2B661D331D9100CF41DB /* Main.storyboard */; };
		7A3B2B6A1D331D9100CF41DB /* Assets.xcassets in Resources */ = {isa = PBXBuildFile; fileRef = 7A3B2B691D331D9100CF41DB /* Assets.xcassets */; };
		7A3B2B6D1D331D9100CF41DB /* LaunchScreen.storyboard in Resources */ = {isa = PBXBuildFile; fileRef = 7A3B2B6B1D331D9100CF41DB /* LaunchScreen.storyboard */; };
/* End PBXBuildFile section */

/* Begin PBXFileReference section */
		7A3B2B5A1D331D9100CF41DB /* enalish.app */ = {isa = PBXFileReference; explicitFileType = wrapper.application; includeInIndex = 0; path = enalish.app; sourceTree = BUILT_PRODUCTS_DIR; };
		7A3B2B5E1D331D9100CF41DB /* main.m */ = {isa = PBXFileReference; lastKnownFileType = sourcecode.c.objc; path = main.m; sourceTree = "<group>"; };
		7A3B2B601D331D9100CF41DB /* AppDelegate.h */ = {isa = PBXFileReference; lastKnownFileType = sourcecode.c.h; path = AppDelegate.h; sourceTree = "<group>"; };
		7A3B2B611D331D9100CF41DB /* AppDelegate.m */ = {isa = PBXFileReference; lastKnownFileType = sourcecode.c.objc; path = AppDelegate.m; sourceTree = "<group>"; };
		7A3B2B631D331D9100CF41DB /* ViewController.h */ = {isa = PBXFileReference; lastKnownFileType = sourcecode.c.h; path = ViewController.h; sourceTree = "<group>"; };
		7A3B2B641D331D9100CF41DB /* ViewController.m */ = {isa = PBXFileReference; lastKnownFileType = sourcecode.c.objc; path = ViewController.m; sourceTree = "<group>"; };
		7A3B2B671D331D9100CF41DB /* Base */ = {isa = PBXFileReference; lastKnownFileType = file.storyboard; name = Base; path = Base.lproj/Main.storyboard; sourceTree = "<group>"; };
		7A3B2B691D331D9100CF41DB /* Assets.xcassets */ = {isa = PBXFileReference; lastKnownFileType = folder.assetcatalog; path = Assets.xcassets; sourceTree = "<group>"; };
		7A3B2B6C1D331D9100CF41DB /* Base */ = {isa = PBXFileReference; lastKnownFileType = file.storyboard; name = Base; path = Base.lproj/LaunchScreen.storyboard; sourceTree = "<group>"; };
		7A3B2B6E1D331D9100CF41DB /* Info.plist */ = {isa = PBXFileReference; lastKnownFileType = text.plist.xml; path = Info.plist; sourceTree = "<group>"; };
/* End PBXFileReference section */

/* Begin PBXFrameworksBuildPhase section */
		7A3B2B571D331D9100CF41DB /* Frameworks */ = {
			isa = PBXFrameworksBuildPhase;
			buildActionMask = 2147483647;
			files = (
			);
			runOnlyForDeploymentPostprocessing = 0;
		};
/* End PBXFrameworksBuildPhase section */

/* Begin PBXGroup section */
		7A3B2B511D331D9100CF41DB = {
			isa = PBXGroup;
			children = (
				7A3B2B5C1D331D9100CF41DB /* enalish */,
				7A3B2B5B1D331D9100CF41DB /* Products */,
			);
			sourceTree = "<group>";
		};
		7A3B2B5B1D331D9100CF41DB /* Products */ = {
			isa = PBXGroup;
			children = (
				7A3B2B5A1D331D9100CF41DB /* enalish.app */,
			);
			name = Products;
			sourceTree = "<group>";
		};
		7A3B2B5C1D331D9100CF41DB /* enalish */ = {
			isa = PBXGroup;
			children = (
				7A3B2B601D331D9100CF41DB /* AppDelegate.h */,
				7A3B2B611D331D9100CF41DB /* AppDelegate.m */,
				7A3B2B631D331D9100CF41DB /* ViewController.h */,
				7A3B2B641D331D9100CF41DB /* ViewController.m */,
				7A3B2B661D331D9100CF41DB /* Main.storyboard */,
				7A3B2B691D331D9100CF41DB /* Assets.xcassets */,
				7A3B2B6B1D331D9100CF41DB /* LaunchScreen.storyboard */,
				7A3B2B6E1D331D9100CF41DB /* Info.plist */,
				7A3B2B5D1D331D9100CF41DB /* Supporting Files */,
			);
			path = enalish;
			sourceTree = "<group>";
		};
		7A3B2B5D1D331D9100CF41DB /* Supporting Files */ = {
			isa = PBXGroup;
			children = (
				7A3B2B5E1D331D9100CF41DB /* main.m */,
			);
			name = "Supporting Files";
			sourceTree = "<group>";
		};
/* End PBXGroup section */

/* Begin PBXNativeTarget section */
		7A3B2B591D331D9100CF41DB /* enalish */ = {
			isa = PBXNativeTarget;
			buildConfigurationList = 7A3B2B711D331D9100CF41DB /* Build configuration list for PBXNativeTarget "enalish" */;
			buildPhases = (
				7A3B2B561D331D9100CF41DB /* Sources */,
				7A3B2B571D331D9100CF41DB /* Frameworks */,
				7A3B2B581D331D9100CF41DB /* Resources */,
			);
			buildRules = (
			);
			dependencies = (
			);
			name = enalish;
			productName = enalish;
			productReference = 7A3B2B5A1D331D9100CF41DB /* enalish.app */;
			productType = "com.apple.product-type.application";
		};
/* End PBXNativeTarget section */

/* Begin PBXProject section */
		7A3B2B521D331D9100CF41DB /* Project object */ = {
			isa = PBXProject;
			attributes = {
				LastUpgradeCheck = 0730;
				ORGANIZATIONNAME = hj;
				TargetAttributes = {
					7A3B2B591D331D9100CF41DB = {
						CreatedOnToolsVersion = 7.3.1;
					};
				};
			};
			buildConfigurationList = 7A3B2B551D331D9100CF41DB /* Build configuration list for PBXProject "enalish" */;
			compatibilityVersion = "Xcode 3.2";
			developmentRegion = English;
			hasScannedForEncodings = 0;
			knownRegions = (
				en,
				Base,
			);
			mainGroup = 7A3B2B511D331D9100CF41DB;
			productRefGroup = 7A3B2B5B1D331D9100CF41DB /* Products */;
			projectDirPath = "";
			projectRoot = "";
			targets = (
				7A3B2B591D331D9100CF41DB /* enalish */,
			);
		};
/* End PBXProject section */

/* Begin PBXResourcesBuildPhase section */
		7A3B2B581D331D9100CF41DB /* Resources */ = {
			isa = PBXResourcesBuildPhase;
			buildActionMask = 2147483647;
			files = (
				7A3B2B6D1D331D9100CF41DB /* LaunchScreen.storyboard in Resources */,
				7A3B2B6A1D331D9100CF41DB /* Assets.xcassets in Resources */,
				7A3B2B681D331D9100CF41DB /* Main.storyboard in Resources */,
			);
			runOnlyForDeploymentPostprocessing = 0;
		};
/* End PBXResourcesBuildPhase section */

/* Begin PBXSourcesBuildPhase section */
		7A3B2B561D331D9100CF41DB /* Sources */ = {
			isa = PBXSourcesBuildPhase;
			buildActionMask = 2147483647;
			files = (
				7A3B2B651D331D9100CF41DB /* ViewController.m in Sources */,
				7A3B2B621D331D9100CF41DB /* AppDelegate.m in Sources */,
				7A3B2B5F1D331D9100CF41DB /* main.m in Sources */,
			);
			runOnlyForDeploymentPostprocessing = 0;
		};
/* End PBXSourcesBuildPhase section */

/* Begin PBXVariantGroup section */
		7A3B2B661D331D9100CF41DB /* Main.storyboard */ = {
			isa = PBXVariantGroup;
			children = (
				7A3B2B671D331D9100CF41DB /* Base */,
			);
			name = Main.storyboard;
			sourceTree = "<group>";
		};
		7A3B2B6B1D331D9100CF41DB /* LaunchScreen.storyboard */ = {
			isa = PBXVariantGroup;
			children = (
				7A3B2B6C1D331D9100CF41DB /* Base */,
			);
			name = LaunchScreen.storyboard;
			sourceTree = "<group>";
		};
/* End PBXVariantGroup section */

/* Begin XCBuildConfiguration section */
		7A3B2B6F1D331D9100CF41DB /* Debug */ = {
			isa = XCBuildConfiguration;
			buildSettings = {
				ALWAYS_SEARCH_USER_PATHS = NO;
				CLANG_ANALYZER_NONNULL = YES;
				CLANG_CXX_LANGUAGE_STANDARD = "gnu++0x";
				CLANG_CXX_LIBRARY = "libc++";
				CLANG_ENABLE_MODULES = YES;
				CLANG_ENABLE_OBJC_ARC = YES;
				CLANG_WARN_BOOL_CONVERSION = YES;
				CLANG_WARN_CONSTANT_CONVERSION = YES;
				CLANG_WARN_DIRECT_OBJC_ISA_USAGE = YES_ERROR;
				CLANG_WARN_EMPTY_BODY = YES;
				CLANG_WARN_ENUM_CONVERSION = YES;
				CLANG_WARN_INT_CONVERSION = YES;
				CLANG_WARN_OBJC_ROOT_CLASS = YES_ERROR;
				CLANG_WARN_UNREACHABLE_CODE = YES;
				CLANG_WARN__DUPLICATE_METHOD_MATCH = YES;
				"CODE_SIGN_IDENTITY[sdk=iphoneos*]" = "iPhone Developer";
				COPY_PHASE_STRIP = NO;
				DEBUG_INFORMATION_FORMAT = dwarf;
				ENABLE_STRICT_OBJC_MSGSEND = YES;
				ENABLE_TESTABILITY = YES;
				GCC_C_LANGUAGE_STANDARD = gnu99;
				GCC_DYNAMIC_NO_PIC = NO;
				GCC_NO_COMMON_BLOCKS = YES;
				GCC_OPTIMIZATION_LEVEL = 0;
				GCC_PREPROCESSOR_DEFINITIONS = (
					"DEBUG=1",
					"$(inherited)",
				);
				GCC_WARN_64_TO_32_BIT_CONVERSION = YES;
				GCC_WARN_ABOUT_RETURN_TYPE = YES_ERROR;
				GCC_WARN_UNDECLARED_SELECTOR = YES;
				GCC_WARN_UNINITIALIZED_AUTOS = YES_AGGRESSIVE;
				GCC_WARN_UNUSED_FUNCTION = YES;
				GCC_WARN_UNUSED_VARIABLE = YES;
				IPHONEOS_DEPLOYMENT_TARGET = 9.3;
				MTL_ENABLE_DEBUG_INFO = YES;
				ONLY_ACTIVE_ARCH = YES;
				SDKROOT = iphoneos;
			};
			name = Debug;
		};
		7A3B2B701D331D9100CF41DB /* Release */ = {
			isa = XCBuildConfiguration;
			buildSettings = {
				ALWAYS_SEARCH_USER_PATHS = NO;
				CLANG_ANALYZER_NONNULL = YES;
				CLANG_CXX_LANGUAGE_STANDARD = "gnu++0x";
				CLANG_CXX_LIBRARY = "libc++";
				CLANG_ENABLE_MODULES = YES;
				CLANG_ENABLE_OBJC_ARC = YES;
				CLANG_WARN_BOOL_CONVERSION = YES;
				CLANG_WARN_CONSTANT_CONVERSION = YES;
				CLANG_WARN_DIRECT_OBJC_ISA_USAGE = YES_ERROR;
				CLANG_WARN_EMPTY_BODY = YES;
				CLANG_WARN_ENUM_CONVERSION = YES;
				CLANG_WARN_INT_CONVERSION = YES;
				CLANG_WARN_OBJC_ROOT_CLASS = YES_ERROR;
				CLANG_WARN_UNREACHABLE_CODE = YES;
				CLANG_WARN__DUPLICATE_METHOD_MATCH = YES;
				"CODE_SIGN_IDENTITY[sdk=iphoneos*]" = "iPhone Developer";
				COPY_PHASE_STRIP = NO;
				DEBUG_INFORMATION_FORMAT = "dwarf-with-dsym";
				ENABLE_NS_ASSERTIONS = NO;
				ENABLE_STRICT_OBJC_MSGSEND = YES;
				GCC_C_LANGUAGE_STANDARD = gnu99;
				GCC_NO_COMMON_BLOCKS = YES;
				GCC_WARN_64_TO_32_BIT_CONVERSION = YES;
				GCC_WARN_ABOUT_RETURN_TYPE = YES_ERROR;
				GCC_WARN_UNDECLARED_SELECTOR = YES;
				GCC_WARN_UNINITIALIZED_AUTOS = YES_AGGRESSIVE;
				GCC_WARN_UNUSED_FUNCTION = YES;
				GCC_WARN_UNUSED_VARIABLE = YES;
				IPHONEOS_DEPLOYMENT_TARGET = 9.3;
				MTL_ENABLE_DEBUG_INFO = NO;
				SDKROOT = iphoneos;
				VALIDATE_PRODUCT = YES;
			};
			name = Release;
		};
		7A3B2B721D331D9100CF41DB /* Debug */ = {
			isa = XCBuildConfiguration;
			buildSettings = {
				ASSETCATALOG_COMPILER_APPICON_NAME = AppIcon;
				INFOPLIST_FILE = enalish/Info.plist;
				LD_RUNPATH_SEARCH_PATHS = "$(inherited) @executable_path/Frameworks";
				PRODUCT_BUNDLE_IDENTIFIER = "com.--heheda.enalish";
				PRODUCT_NAME = "$(TARGET_NAME)";
			};
			name = Debug;
		};
		7A3B2B731D331D9100CF41DB /* Release */ = {
			isa = XCBuildConfiguration;
			buildSettings = {
				ASSETCATALOG_COMPILER_APPICON_NAME = AppIcon;
				INFOPLIST_FILE = enalish/Info.plist;
				LD_RUNPATH_SEARCH_PATHS = "$(inherited) @executable_path/Frameworks";
				PRODUCT_BUNDLE_IDENTIFIER = "com.--heheda.enalish";
				PRODUCT_NAME = "$(TARGET_NAME)";
			};
			name = Release;
		};
/* End XCBuildConfiguration section */

/* Begin XCConfigurationList section */
		7A3B2B551D331D9100CF41DB /* Build configuration list for PBXProject "enalish" */ = {
			isa = XCConfigurationList;
			buildConfigurations = (
				7A3B2B6F1D331D9100CF41DB /* Debug */,
				7A3B2B701D331D9100CF41DB /* Release */,
			);
			defaultConfigurationIsVisible = 0;
			defaultConfigurationName = Release;
		};
		7A3B2B711D331D9100CF41DB /* Build configuration list for PBXNativeTarget "enalish" */ = {
			isa = XCConfigurationList;
			buildConfigurations = (
				7A3B2B721D331D9100CF41DB /* Debug */,
				7A3B2B731D331D9100CF41DB /* Release */,
			);
			defaultConfigurationIsVisible = 0;
		};
/* End XCConfigurationList section */
	};
	rootObject = 7A3B2B521D331D9100CF41DB /* Project object */;
}
